
Microsoft Visual Studio Solution File, Format Version 12.00
# Visual Studio 15
VisualStudioVersion = 15.0.27004.2006
MinimumVisualStudioVersion = 10.0.40219.1
Project("{FAE04EC0-301F-11D3-BF4B-00C04F79EFBC}") = "WindowsServiceTask", "WindowsServiceTask\WindowsServiceTask.csproj", "{DA3A2431-4195-4620-BCF0-25497585F123}"
EndProject
Global
	GlobalSection(SolutionConfigurationPlatforms) = preSolution
		Debug|Any CPU = Debug|Any CPU
		Release|Any CPU = Release|Any CPU
	EndGlobalSection
	GlobalSection(ProjectConfigurationPlatforms) = postSolution
		{DA3A2431-4195-4620-BCF0-25497585F123}.Debug|Any CPU.ActiveCfg = Debug|Any CPU
		{DA3A2431-4195-4620-BCF0-25497585F123}.Debug|Any CPU.Build.0 = Debug|Any CPU
		{DA3A2431-4195-4620-BCF0-25497585F123}.Release|Any CPU.ActiveCfg = Release|Any CPU
		{DA3A2431-4195-4620-BCF0-25497585F123}.Release|Any CPU.Build.0 = Release|Any CPU
	EndGlobalSection
	GlobalSection(SolutionProperties) = preSolution
		HideSolutionNode = FALSE
	EndGlobalSection
	GlobalSection(ExtensibilityGlobals) = postSolution
		SolutionGuid = {F7D9E19D-C598-42A0-8A20-F55BACBBFA83}
	EndGlobalSection
EndGlobal
