
Microsoft Visual Studio Solution File, Format Version 12.00
# Visual Studio 15
VisualStudioVersion = 15.0.26430.15
MinimumVisualStudioVersion = 10.0.40219.1
Project("{FAE04EC0-301F-11D3-BF4B-00C04F79EFBC}") = "WindowsServiceTask", "WindowsServiceTask\WindowsServiceTask.csproj", "{DA3A2431-4195-4620-BCF0-25497585F123}"
EndProject
Project("{FAE04EC0-301F-11D3-BF4B-00C04F79EFBC}") = "Contract", "Contract\Contract.csproj", "{C137CB50-CD0D-42BC-9FE6-351E4F833B2F}"
EndProject
Project("{FAE04EC0-301F-11D3-BF4B-00C04F79EFBC}") = "EFDatabaseClient", "EFDatabaseClient\EFDatabaseClient.csproj", "{A752B73E-0356-4A2C-901C-02874B6D53A2}"
EndProject
Project("{FAE04EC0-301F-11D3-BF4B-00C04F79EFBC}") = "EmailSender", "EmailSender\EmailSender.csproj", "{C05291E7-C634-491A-92DC-3146D7D3D53E}"
EndProject
Global
	GlobalSection(SolutionConfigurationPlatforms) = preSolution
		Debug|Any CPU = Debug|Any CPU
		Release|Any CPU = Release|Any CPU
	EndGlobalSection
	GlobalSection(ProjectConfigurationPlatforms) = postSolution
		{DA3A2431-4195-4620-BCF0-25497585F123}.Debug|Any CPU.ActiveCfg = Debug|Any CPU
		{DA3A2431-4195-4620-BCF0-25497585F123}.Debug|Any CPU.Build.0 = Debug|Any CPU
		{DA3A2431-4195-4620-BCF0-25497585F123}.Release|Any CPU.ActiveCfg = Release|Any CPU
		{DA3A2431-4195-4620-BCF0-25497585F123}.Release|Any CPU.Build.0 = Release|Any CPU
		{C137CB50-CD0D-42BC-9FE6-351E4F833B2F}.Debug|Any CPU.ActiveCfg = Debug|Any CPU
		{C137CB50-CD0D-42BC-9FE6-351E4F833B2F}.Debug|Any CPU.Build.0 = Debug|Any CPU
		{C137CB50-CD0D-42BC-9FE6-351E4F833B2F}.Release|Any CPU.ActiveCfg = Release|Any CPU
		{C137CB50-CD0D-42BC-9FE6-351E4F833B2F}.Release|Any CPU.Build.0 = Release|Any CPU
		{A752B73E-0356-4A2C-901C-02874B6D53A2}.Debug|Any CPU.ActiveCfg = Debug|Any CPU
		{A752B73E-0356-4A2C-901C-02874B6D53A2}.Debug|Any CPU.Build.0 = Debug|Any CPU
		{A752B73E-0356-4A2C-901C-02874B6D53A2}.Release|Any CPU.ActiveCfg = Release|Any CPU
		{A752B73E-0356-4A2C-901C-02874B6D53A2}.Release|Any CPU.Build.0 = Release|Any CPU
		{C05291E7-C634-491A-92DC-3146D7D3D53E}.Debug|Any CPU.ActiveCfg = Debug|Any CPU
		{C05291E7-C634-491A-92DC-3146D7D3D53E}.Debug|Any CPU.Build.0 = Debug|Any CPU
		{C05291E7-C634-491A-92DC-3146D7D3D53E}.Release|Any CPU.ActiveCfg = Release|Any CPU
		{C05291E7-C634-491A-92DC-3146D7D3D53E}.Release|Any CPU.Build.0 = Release|Any CPU
	EndGlobalSection
	GlobalSection(SolutionProperties) = preSolution
		HideSolutionNode = FALSE
	EndGlobalSection
	GlobalSection(ExtensibilityGlobals) = postSolution
		SolutionGuid = {F7D9E19D-C598-42A0-8A20-F55BACBBFA83}
	EndGlobalSection
EndGlobal
